
Microsoft Visual Studio Solution File, Format Version 12.00
# Visual Studio Version 17
VisualStudioVersion = 17.1.32210.238
MinimumVisualStudioVersion = 10.0.40219.1
Project("{FAE04EC0-301F-11D3-BF4B-00C04F79EFBC}") = "IdentityApp", "IdentityApp\IdentityApp.csproj", "{2E487C01-84E1-47AC-9C99-F96734553D19}"
EndProject
Global
	GlobalSection(SolutionConfigurationPlatforms) = preSolution
		Debug|Any CPU = Debug|Any CPU
		Release|Any CPU = Release|Any CPU
	EndGlobalSection
	GlobalSection(ProjectConfigurationPlatforms) = postSolution
		{2E487C01-84E1-47AC-9C99-F96734553D19}.Debug|Any CPU.ActiveCfg = Debug|Any CPU
		{2E487C01-84E1-47AC-9C99-F96734553D19}.Debug|Any CPU.Build.0 = Debug|Any CPU
		{2E487C01-84E1-47AC-9C99-F96734553D19}.Release|Any CPU.ActiveCfg = Release|Any CPU
		{2E487C01-84E1-47AC-9C99-F96734553D19}.Release|Any CPU.Build.0 = Release|Any CPU
	EndGlobalSection
	GlobalSection(SolutionProperties) = preSolution
		HideSolutionNode = FALSE
	EndGlobalSection
	GlobalSection(ExtensibilityGlobals) = postSolution
		SolutionGuid = {14C7DADA-D999-403C-A3C7-B35227F8A81F}
	EndGlobalSection
EndGlobal
